
Microsoft Visual Studio Solution File, Format Version 12.00
# Visual Studio Version 17
VisualStudioVersion = 17.2.32408.312
MinimumVisualStudioVersion = 10.0.40219.1
Project("{9A19103F-16F7-4668-BE54-9A1E7A4F7556}") = "OOP_3_1", "OOP_3_1\OOP_3_1.csproj", "{7C7F99C1-6265-4994-9C7E-058D4D96F3B9}"
EndProject
Project("{9A19103F-16F7-4668-BE54-9A1E7A4F7556}") = "OOP_3_2", "OOP_3_2\OOP_3_2.csproj", "{C15D6DB9-43CA-4989-A13B-3A71A515DD85}"
EndProject
Project("{9A19103F-16F7-4668-BE54-9A1E7A4F7556}") = "OOP_3_3", "OOP_3_3\OOP_3_3.csproj", "{353257F7-428B-4EA2-A452-9EEBD3546491}"
EndProject
Project("{9A19103F-16F7-4668-BE54-9A1E7A4F7556}") = "OOP_3_4", "OOP_3_4\OOP_3_4.csproj", "{3D42FBF4-C421-474E-9588-CA1045B05FE0}"
EndProject
Project("{9A19103F-16F7-4668-BE54-9A1E7A4F7556}") = "Test", "Test\Test.csproj", "{5E963549-E5E7-43A0-882F-F5AC309580C0}"
EndProject
Project("{9A19103F-16F7-4668-BE54-9A1E7A4F7556}") = "Polygon", "Polygon\Polygon.csproj", "{2CC18C55-3E23-490B-830D-016EF860C791}"
EndProject
Global
	GlobalSection(SolutionConfigurationPlatforms) = preSolution
		Debug|Any CPU = Debug|Any CPU
		Release|Any CPU = Release|Any CPU
	EndGlobalSection
	GlobalSection(ProjectConfigurationPlatforms) = postSolution
		{7C7F99C1-6265-4994-9C7E-058D4D96F3B9}.Debug|Any CPU.ActiveCfg = Debug|Any CPU
		{7C7F99C1-6265-4994-9C7E-058D4D96F3B9}.Debug|Any CPU.Build.0 = Debug|Any CPU
		{7C7F99C1-6265-4994-9C7E-058D4D96F3B9}.Release|Any CPU.ActiveCfg = Release|Any CPU
		{7C7F99C1-6265-4994-9C7E-058D4D96F3B9}.Release|Any CPU.Build.0 = Release|Any CPU
		{C15D6DB9-43CA-4989-A13B-3A71A515DD85}.Debug|Any CPU.ActiveCfg = Debug|Any CPU
		{C15D6DB9-43CA-4989-A13B-3A71A515DD85}.Debug|Any CPU.Build.0 = Debug|Any CPU
		{C15D6DB9-43CA-4989-A13B-3A71A515DD85}.Release|Any CPU.ActiveCfg = Release|Any CPU
		{C15D6DB9-43CA-4989-A13B-3A71A515DD85}.Release|Any CPU.Build.0 = Release|Any CPU
		{353257F7-428B-4EA2-A452-9EEBD3546491}.Debug|Any CPU.ActiveCfg = Debug|Any CPU
		{353257F7-428B-4EA2-A452-9EEBD3546491}.Debug|Any CPU.Build.0 = Debug|Any CPU
		{353257F7-428B-4EA2-A452-9EEBD3546491}.Release|Any CPU.ActiveCfg = Release|Any CPU
		{353257F7-428B-4EA2-A452-9EEBD3546491}.Release|Any CPU.Build.0 = Release|Any CPU
		{3D42FBF4-C421-474E-9588-CA1045B05FE0}.Debug|Any CPU.ActiveCfg = Debug|Any CPU
		{3D42FBF4-C421-474E-9588-CA1045B05FE0}.Debug|Any CPU.Build.0 = Debug|Any CPU
		{3D42FBF4-C421-474E-9588-CA1045B05FE0}.Release|Any CPU.ActiveCfg = Release|Any CPU
		{3D42FBF4-C421-474E-9588-CA1045B05FE0}.Release|Any CPU.Build.0 = Release|Any CPU
		{5E963549-E5E7-43A0-882F-F5AC309580C0}.Debug|Any CPU.ActiveCfg = Debug|Any CPU
		{5E963549-E5E7-43A0-882F-F5AC309580C0}.Debug|Any CPU.Build.0 = Debug|Any CPU
		{5E963549-E5E7-43A0-882F-F5AC309580C0}.Release|Any CPU.ActiveCfg = Release|Any CPU
		{5E963549-E5E7-43A0-882F-F5AC309580C0}.Release|Any CPU.Build.0 = Release|Any CPU
		{2CC18C55-3E23-490B-830D-016EF860C791}.Debug|Any CPU.ActiveCfg = Debug|Any CPU
		{2CC18C55-3E23-490B-830D-016EF860C791}.Debug|Any CPU.Build.0 = Debug|Any CPU
		{2CC18C55-3E23-490B-830D-016EF860C791}.Release|Any CPU.ActiveCfg = Release|Any CPU
		{2CC18C55-3E23-490B-830D-016EF860C791}.Release|Any CPU.Build.0 = Release|Any CPU
	EndGlobalSection
	GlobalSection(SolutionProperties) = preSolution
		HideSolutionNode = FALSE
	EndGlobalSection
	GlobalSection(ExtensibilityGlobals) = postSolution
		SolutionGuid = {FDDABEBF-661C-4C0C-B9CF-767803873228}
	EndGlobalSection
EndGlobal
